
Microsoft Visual Studio Solution File, Format Version 12.00
# Visual Studio Version 17
VisualStudioVersion = 17.0.32014.148
MinimumVisualStudioVersion = 10.0.40219.1
Project("{FAE04EC0-301F-11D3-BF4B-00C04F79EFBC}") = "ElectricEquipment1", "ElectricEquipment1\ElectricEquipment1.csproj", "{3AFF5904-C380-42F7-A8E6-CFAB7A125056}"
EndProject
Global
	GlobalSection(SolutionConfigurationPlatforms) = preSolution
		Debug|Any CPU = Debug|Any CPU
		Release|Any CPU = Release|Any CPU
	EndGlobalSection
	GlobalSection(ProjectConfigurationPlatforms) = postSolution
		{3AFF5904-C380-42F7-A8E6-CFAB7A125056}.Debug|Any CPU.ActiveCfg = Debug|Any CPU
		{3AFF5904-C380-42F7-A8E6-CFAB7A125056}.Debug|Any CPU.Build.0 = Debug|Any CPU
		{3AFF5904-C380-42F7-A8E6-CFAB7A125056}.Release|Any CPU.ActiveCfg = Release|Any CPU
		{3AFF5904-C380-42F7-A8E6-CFAB7A125056}.Release|Any CPU.Build.0 = Release|Any CPU
	EndGlobalSection
	GlobalSection(SolutionProperties) = preSolution
		HideSolutionNode = FALSE
	EndGlobalSection
	GlobalSection(ExtensibilityGlobals) = postSolution
		SolutionGuid = {E60A9583-32F7-4428-8767-495B77A4FB62}
	EndGlobalSection
EndGlobal
